
Microsoft Visual Studio Solution File, Format Version 12.00
# Visual Studio 15
VisualStudioVersion = 15.0.27703.2026
MinimumVisualStudioVersion = 10.0.40219.1
Project("{9A19103F-16F7-4668-BE54-9A1E7A4F7556}") = "CryptographyEx.Core", "CryptographyEx.Core\CryptographyEx.Core.csproj", "{0C07F32B-65F0-4013-B608-BB45E2C04847}"
EndProject
Project("{FAE04EC0-301F-11D3-BF4B-00C04F79EFBC}") = "CryptographyEx.ConsoleTest", "CryptographyEx.ConsoleTest\CryptographyEx.ConsoleTest.csproj", "{9E43039B-D333-4C33-A0B7-835FD7072177}"
EndProject
Project("{FAE04EC0-301F-11D3-BF4B-00C04F79EFBC}") = "CryptographyEx.WinFormsUI", "CryptographyEx.WinFormsUI\CryptographyEx.WinFormsUI.csproj", "{1FCF7943-3809-423B-8B86-9617359AD00F}"
EndProject
Project("{FAE04EC0-301F-11D3-BF4B-00C04F79EFBC}") = "CryptographyEx.Theory", "CryptographyEx.Theory\CryptographyEx.Theory.csproj", "{95F73883-85E6-4947-B582-5DDE979F1987}"
EndProject
Global
	GlobalSection(SolutionConfigurationPlatforms) = preSolution
		Debug|Any CPU = Debug|Any CPU
		Release|Any CPU = Release|Any CPU
	EndGlobalSection
	GlobalSection(ProjectConfigurationPlatforms) = postSolution
		{0C07F32B-65F0-4013-B608-BB45E2C04847}.Debug|Any CPU.ActiveCfg = Debug|Any CPU
		{0C07F32B-65F0-4013-B608-BB45E2C04847}.Debug|Any CPU.Build.0 = Debug|Any CPU
		{0C07F32B-65F0-4013-B608-BB45E2C04847}.Release|Any CPU.ActiveCfg = Release|Any CPU
		{0C07F32B-65F0-4013-B608-BB45E2C04847}.Release|Any CPU.Build.0 = Release|Any CPU
		{9E43039B-D333-4C33-A0B7-835FD7072177}.Debug|Any CPU.ActiveCfg = Debug|Any CPU
		{9E43039B-D333-4C33-A0B7-835FD7072177}.Debug|Any CPU.Build.0 = Debug|Any CPU
		{9E43039B-D333-4C33-A0B7-835FD7072177}.Release|Any CPU.ActiveCfg = Release|Any CPU
		{9E43039B-D333-4C33-A0B7-835FD7072177}.Release|Any CPU.Build.0 = Release|Any CPU
		{1FCF7943-3809-423B-8B86-9617359AD00F}.Debug|Any CPU.ActiveCfg = Debug|Any CPU
		{1FCF7943-3809-423B-8B86-9617359AD00F}.Debug|Any CPU.Build.0 = Debug|Any CPU
		{1FCF7943-3809-423B-8B86-9617359AD00F}.Release|Any CPU.ActiveCfg = Release|Any CPU
		{1FCF7943-3809-423B-8B86-9617359AD00F}.Release|Any CPU.Build.0 = Release|Any CPU
		{95F73883-85E6-4947-B582-5DDE979F1987}.Debug|Any CPU.ActiveCfg = Debug|Any CPU
		{95F73883-85E6-4947-B582-5DDE979F1987}.Debug|Any CPU.Build.0 = Debug|Any CPU
		{95F73883-85E6-4947-B582-5DDE979F1987}.Release|Any CPU.ActiveCfg = Release|Any CPU
		{95F73883-85E6-4947-B582-5DDE979F1987}.Release|Any CPU.Build.0 = Release|Any CPU
	EndGlobalSection
	GlobalSection(SolutionProperties) = preSolution
		HideSolutionNode = FALSE
	EndGlobalSection
	GlobalSection(ExtensibilityGlobals) = postSolution
		SolutionGuid = {01B661D8-6880-4CE2-8E23-8512E9B6DA12}
	EndGlobalSection
EndGlobal
